
Microsoft Visual Studio Solution File, Format Version 12.00
# Visual Studio Version 17
VisualStudioVersion = 17.2.32616.157
MinimumVisualStudioVersion = 10.0.40219.1
Project("{FAE04EC0-301F-11D3-BF4B-00C04F79EFBC}") = "TeoriaAsignacion1", "TeoriaAsignacion1\TeoriaAsignacion1.csproj", "{A4B2E556-D897-48F4-A3BB-1E84A91169F4}"
EndProject
Project("{FAE04EC0-301F-11D3-BF4B-00C04F79EFBC}") = "AsignacionLab3", "AsignacionLab3\AsignacionLab3.csproj", "{4378FE7A-9CF9-4E9D-906C-C70D2333214C}"
EndProject
Project("{FAE04EC0-301F-11D3-BF4B-00C04F79EFBC}") = "Demo2", "Demo2\Demo2.csproj", "{4E796F7E-2559-469C-81FB-6494A58D4F4D}"
EndProject
Project("{FAE04EC0-301F-11D3-BF4B-00C04F79EFBC}") = "Demo3", "Demo3\Demo3.csproj", "{E10CF995-DA47-446F-B36E-4E2703B68978}"
EndProject
Project("{FAE04EC0-301F-11D3-BF4B-00C04F79EFBC}") = "Lab4", "Lab4\Lab4.csproj", "{E5FA0B6D-7E3E-437B-B350-1E9A8E5A5CA3}"
EndProject
Project("{FAE04EC0-301F-11D3-BF4B-00C04F79EFBC}") = "Teo4", "Teo4\Teo4.csproj", "{A5EF0713-3314-4553-BF4D-31F916594C6B}"
EndProject
Project("{FAE04EC0-301F-11D3-BF4B-00C04F79EFBC}") = "ADOdatabase", "ADOdatabase\ADOdatabase.csproj", "{930AB64A-3778-4BE5-98B9-A8251D151DB5}"
EndProject
Project("{FAE04EC0-301F-11D3-BF4B-00C04F79EFBC}") = "WindowsServiceTEO", "WindowsServiceTEO\WindowsServiceTEO.csproj", "{DF8CF947-D0C5-4B30-ACC3-60BD1AD1D468}"
EndProject
Project("{FAE04EC0-301F-11D3-BF4B-00C04F79EFBC}") = "Lab5Guerra", "Lab5Guerra\Lab5Guerra.csproj", "{FE473A98-B605-486C-B2F4-798C639D01D8}"
EndProject
Project("{FAE04EC0-301F-11D3-BF4B-00C04F79EFBC}") = "WindowsServiceLab", "WindowsServiceLab\WindowsServiceLab.csproj", "{0F9A2D90-B21F-42FC-86D0-B97CE3372D5B}"
EndProject
Project("{FAE04EC0-301F-11D3-BF4B-00C04F79EFBC}") = "ListenerServer", "ListenerServer\ListenerServer.csproj", "{2991B845-B0E3-44B3-AE6A-A7A4B4E9A6FF}"
EndProject
Project("{FAE04EC0-301F-11D3-BF4B-00C04F79EFBC}") = "ClientServer", "ClientServer\ClientServer.csproj", "{696E0746-F88F-426C-9977-5A199BA54C2E}"
EndProject
Global
	GlobalSection(SolutionConfigurationPlatforms) = preSolution
		Debug|Any CPU = Debug|Any CPU
		Release|Any CPU = Release|Any CPU
	EndGlobalSection
	GlobalSection(ProjectConfigurationPlatforms) = postSolution
		{A4B2E556-D897-48F4-A3BB-1E84A91169F4}.Debug|Any CPU.ActiveCfg = Debug|Any CPU
		{A4B2E556-D897-48F4-A3BB-1E84A91169F4}.Debug|Any CPU.Build.0 = Debug|Any CPU
		{A4B2E556-D897-48F4-A3BB-1E84A91169F4}.Release|Any CPU.ActiveCfg = Release|Any CPU
		{A4B2E556-D897-48F4-A3BB-1E84A91169F4}.Release|Any CPU.Build.0 = Release|Any CPU
		{4378FE7A-9CF9-4E9D-906C-C70D2333214C}.Debug|Any CPU.ActiveCfg = Debug|Any CPU
		{4378FE7A-9CF9-4E9D-906C-C70D2333214C}.Debug|Any CPU.Build.0 = Debug|Any CPU
		{4378FE7A-9CF9-4E9D-906C-C70D2333214C}.Release|Any CPU.ActiveCfg = Release|Any CPU
		{4378FE7A-9CF9-4E9D-906C-C70D2333214C}.Release|Any CPU.Build.0 = Release|Any CPU
		{4E796F7E-2559-469C-81FB-6494A58D4F4D}.Debug|Any CPU.ActiveCfg = Debug|Any CPU
		{4E796F7E-2559-469C-81FB-6494A58D4F4D}.Debug|Any CPU.Build.0 = Debug|Any CPU
		{4E796F7E-2559-469C-81FB-6494A58D4F4D}.Release|Any CPU.ActiveCfg = Release|Any CPU
		{4E796F7E-2559-469C-81FB-6494A58D4F4D}.Release|Any CPU.Build.0 = Release|Any CPU
		{E10CF995-DA47-446F-B36E-4E2703B68978}.Debug|Any CPU.ActiveCfg = Debug|Any CPU
		{E10CF995-DA47-446F-B36E-4E2703B68978}.Debug|Any CPU.Build.0 = Debug|Any CPU
		{E10CF995-DA47-446F-B36E-4E2703B68978}.Release|Any CPU.ActiveCfg = Release|Any CPU
		{E10CF995-DA47-446F-B36E-4E2703B68978}.Release|Any CPU.Build.0 = Release|Any CPU
		{E5FA0B6D-7E3E-437B-B350-1E9A8E5A5CA3}.Debug|Any CPU.ActiveCfg = Debug|Any CPU
		{E5FA0B6D-7E3E-437B-B350-1E9A8E5A5CA3}.Debug|Any CPU.Build.0 = Debug|Any CPU
		{E5FA0B6D-7E3E-437B-B350-1E9A8E5A5CA3}.Release|Any CPU.ActiveCfg = Release|Any CPU
		{E5FA0B6D-7E3E-437B-B350-1E9A8E5A5CA3}.Release|Any CPU.Build.0 = Release|Any CPU
		{A5EF0713-3314-4553-BF4D-31F916594C6B}.Debug|Any CPU.ActiveCfg = Debug|Any CPU
		{A5EF0713-3314-4553-BF4D-31F916594C6B}.Debug|Any CPU.Build.0 = Debug|Any CPU
		{A5EF0713-3314-4553-BF4D-31F916594C6B}.Release|Any CPU.ActiveCfg = Release|Any CPU
		{A5EF0713-3314-4553-BF4D-31F916594C6B}.Release|Any CPU.Build.0 = Release|Any CPU
		{930AB64A-3778-4BE5-98B9-A8251D151DB5}.Debug|Any CPU.ActiveCfg = Debug|Any CPU
		{930AB64A-3778-4BE5-98B9-A8251D151DB5}.Debug|Any CPU.Build.0 = Debug|Any CPU
		{930AB64A-3778-4BE5-98B9-A8251D151DB5}.Release|Any CPU.ActiveCfg = Release|Any CPU
		{930AB64A-3778-4BE5-98B9-A8251D151DB5}.Release|Any CPU.Build.0 = Release|Any CPU
		{DF8CF947-D0C5-4B30-ACC3-60BD1AD1D468}.Debug|Any CPU.ActiveCfg = Debug|Any CPU
		{DF8CF947-D0C5-4B30-ACC3-60BD1AD1D468}.Debug|Any CPU.Build.0 = Debug|Any CPU
		{DF8CF947-D0C5-4B30-ACC3-60BD1AD1D468}.Release|Any CPU.ActiveCfg = Release|Any CPU
		{DF8CF947-D0C5-4B30-ACC3-60BD1AD1D468}.Release|Any CPU.Build.0 = Release|Any CPU
		{FE473A98-B605-486C-B2F4-798C639D01D8}.Debug|Any CPU.ActiveCfg = Debug|Any CPU
		{FE473A98-B605-486C-B2F4-798C639D01D8}.Debug|Any CPU.Build.0 = Debug|Any CPU
		{FE473A98-B605-486C-B2F4-798C639D01D8}.Release|Any CPU.ActiveCfg = Release|Any CPU
		{FE473A98-B605-486C-B2F4-798C639D01D8}.Release|Any CPU.Build.0 = Release|Any CPU
		{0F9A2D90-B21F-42FC-86D0-B97CE3372D5B}.Debug|Any CPU.ActiveCfg = Debug|Any CPU
		{0F9A2D90-B21F-42FC-86D0-B97CE3372D5B}.Debug|Any CPU.Build.0 = Debug|Any CPU
		{0F9A2D90-B21F-42FC-86D0-B97CE3372D5B}.Release|Any CPU.ActiveCfg = Release|Any CPU
		{0F9A2D90-B21F-42FC-86D0-B97CE3372D5B}.Release|Any CPU.Build.0 = Release|Any CPU
		{2991B845-B0E3-44B3-AE6A-A7A4B4E9A6FF}.Debug|Any CPU.ActiveCfg = Debug|Any CPU
		{2991B845-B0E3-44B3-AE6A-A7A4B4E9A6FF}.Debug|Any CPU.Build.0 = Debug|Any CPU
		{2991B845-B0E3-44B3-AE6A-A7A4B4E9A6FF}.Release|Any CPU.ActiveCfg = Release|Any CPU
		{2991B845-B0E3-44B3-AE6A-A7A4B4E9A6FF}.Release|Any CPU.Build.0 = Release|Any CPU
		{696E0746-F88F-426C-9977-5A199BA54C2E}.Debug|Any CPU.ActiveCfg = Debug|Any CPU
		{696E0746-F88F-426C-9977-5A199BA54C2E}.Debug|Any CPU.Build.0 = Debug|Any CPU
		{696E0746-F88F-426C-9977-5A199BA54C2E}.Release|Any CPU.ActiveCfg = Release|Any CPU
		{696E0746-F88F-426C-9977-5A199BA54C2E}.Release|Any CPU.Build.0 = Release|Any CPU
	EndGlobalSection
	GlobalSection(SolutionProperties) = preSolution
		HideSolutionNode = FALSE
	EndGlobalSection
	GlobalSection(ExtensibilityGlobals) = postSolution
		SolutionGuid = {AB98C4D7-778A-4956-BC71-C698D1633C14}
	EndGlobalSection
EndGlobal
